
Microsoft Visual Studio Solution File, Format Version 12.00
# Visual Studio Version 17
VisualStudioVersion = 17.7.34003.232
MinimumVisualStudioVersion = 10.0.40219.1
Project("{FAE04EC0-301F-11D3-BF4B-00C04F79EFBC}") = "INA", "INA\INA.csproj", "{BBA1B1EC-BFB2-4521-950F-5D7B682A21BA}"
EndProject
Global
	GlobalSection(SolutionConfigurationPlatforms) = preSolution
		Debug|Any CPU = Debug|Any CPU
		Release|Any CPU = Release|Any CPU
	EndGlobalSection
	GlobalSection(ProjectConfigurationPlatforms) = postSolution
		{BBA1B1EC-BFB2-4521-950F-5D7B682A21BA}.Debug|Any CPU.ActiveCfg = Debug|Any CPU
		{BBA1B1EC-BFB2-4521-950F-5D7B682A21BA}.Debug|Any CPU.Build.0 = Debug|Any CPU
		{BBA1B1EC-BFB2-4521-950F-5D7B682A21BA}.Release|Any CPU.ActiveCfg = Release|Any CPU
		{BBA1B1EC-BFB2-4521-950F-5D7B682A21BA}.Release|Any CPU.Build.0 = Release|Any CPU
	EndGlobalSection
	GlobalSection(SolutionProperties) = preSolution
		HideSolutionNode = FALSE
	EndGlobalSection
	GlobalSection(ExtensibilityGlobals) = postSolution
		SolutionGuid = {A83C14FC-2AEF-4A21-9193-492642F9E1C4}
	EndGlobalSection
EndGlobal
